<?xml version="1.0" encoding="utf-8"?>
<Project ToolsVersion="4.0" xmlns="http://schemas.microsoft.com/developer/msbuild/2003">
  <ItemGroup>
    <ClCompile Include="SourceCode\Base\character_base.cpp">
      <Filter>Base</Filter>
    </ClCompile>
    <ClCompile Include="SourceCode\Base\gun_base.cpp">
      <Filter>Base</Filter>
    </ClCompile>
    <ClCompile Include="SourceCode\Base\obj_base.cpp">
      <Filter>Base</Filter>
    </ClCompile>
    <ClCompile Include="SourceCode\Base\object_pool_base.cpp">
      <Filter>Base</Filter>
    </ClCompile>
    <ClCompile Include="SourceCode\Base\physical_obj_base.cpp">
      <Filter>Base</Filter>
    </ClCompile>
    <ClCompile Include="SourceCode\Base\weapon_base.cpp">
      <Filter>Base</Filter>
    </ClCompile>
    <ClCompile Include="SourceCode\Calculation\collision_calculator.cpp">
      <Filter>Calculation</Filter>
    </ClCompile>
    <ClCompile Include="SourceCode\Calculation\math.cpp">
      <Filter>Calculation</Filter>
    </ClCompile>
    <ClCompile Include="SourceCode\Calculation\quaternion.cpp">
      <Filter>Calculation</Filter>
    </ClCompile>
    <ClCompile Include="SourceCode\Manager\collision_manager.cpp">
      <Filter>Manager</Filter>
    </ClCompile>
    <ClCompile Include="SourceCode\Manager\game_manager.cpp">
      <Filter>Manager</Filter>
    </ClCompile>
    <ClCompile Include="SourceCode\Manager\obj_manager.cpp">
      <Filter>Manager</Filter>
    </ClCompile>
    <ClCompile Include="SourceCode\Manager\physics_manager.cpp">
      <Filter>Manager</Filter>
    </ClCompile>
    <ClCompile Include="SourceCode\Manager\rifle_cartridge_manager.cpp">
      <Filter>Manager</Filter>
    </ClCompile>
    <ClCompile Include="SourceCode\Manager\scene_manager.cpp">
      <Filter>Manager</Filter>
    </ClCompile>
    <ClCompile Include="SourceCode\Manager\weapon_manager.cpp">
      <Filter>Manager</Filter>
    </ClCompile>
    <ClCompile Include="SourceCode\Object\assault_rifle.cpp">
      <Filter>Object</Filter>
    </ClCompile>
    <ClCompile Include="SourceCode\Object\bullet.cpp">
      <Filter>Object</Filter>
    </ClCompile>
    <ClCompile Include="SourceCode\Object\main_camera.cpp">
      <Filter>Object</Filter>
    </ClCompile>
    <ClCompile Include="SourceCode\Object\zombie.cpp">
      <Filter>Object</Filter>
    </ClCompile>
    <ClCompile Include="SourceCode\Object\ground.cpp">
      <Filter>Object</Filter>
    </ClCompile>
    <ClCompile Include="SourceCode\Object\house.cpp">
      <Filter>Object</Filter>
    </ClCompile>
    <ClCompile Include="SourceCode\Object\player.cpp">
      <Filter>Object</Filter>
    </ClCompile>
    <ClCompile Include="SourceCode\Object\selector.cpp">
      <Filter>Object</Filter>
    </ClCompile>
    <ClCompile Include="SourceCode\Object\shell_casing.cpp">
      <Filter>Object</Filter>
    </ClCompile>
    <ClCompile Include="SourceCode\Object\skydome.cpp">
      <Filter>Object</Filter>
    </ClCompile>
    <ClCompile Include="SourceCode\Part\bone_pos_corrector.cpp">
      <Filter>Part</Filter>
    </ClCompile>
    <ClCompile Include="SourceCode\Part\collider.cpp">
      <Filter>Part</Filter>
    </ClCompile>
    <ClCompile Include="SourceCode\Part\modeler.cpp">
      <Filter>Part</Filter>
    </ClCompile>
    <ClCompile Include="SourceCode\Part\transform.cpp">
      <Filter>Part</Filter>
    </ClCompile>
    <ClCompile Include="SourceCode\Scene\game_clear_scene.cpp">
      <Filter>Scene</Filter>
    </ClCompile>
    <ClCompile Include="SourceCode\Scene\game_over_scene.cpp">
      <Filter>Scene</Filter>
    </ClCompile>
    <ClCompile Include="SourceCode\Scene\load_scene.cpp">
      <Filter>Scene</Filter>
    </ClCompile>
    <ClCompile Include="SourceCode\Scene\play_scene.cpp">
      <Filter>Scene</Filter>
    </ClCompile>
    <ClCompile Include="SourceCode\Scene\share_scene.cpp">
      <Filter>Scene</Filter>
    </ClCompile>
    <ClCompile Include="SourceCode\Scene\title_scene.cpp">
      <Filter>Scene</Filter>
    </ClCompile>
    <ClCompile Include="SourceCode\Window\window.cpp">
      <Filter>Window</Filter>
    </ClCompile>
    <ClCompile Include="SourceCode\main.cpp" />
    <ClCompile Include="SourceCode\Shape\1DShape\line.cpp">
      <Filter>Shape\1DShape</Filter>
    </ClCompile>
    <ClCompile Include="SourceCode\Shape\1DShape\segment.cpp">
      <Filter>Shape\1DShape</Filter>
    </ClCompile>
    <ClCompile Include="SourceCode\Shape\2DShape\circle.cpp">
      <Filter>Shape\2DShape</Filter>
    </ClCompile>
    <ClCompile Include="SourceCode\Shape\2DShape\circumference.cpp">
      <Filter>Shape\2DShape</Filter>
    </ClCompile>
    <ClCompile Include="SourceCode\Shape\2DShape\plane.cpp">
      <Filter>Shape\2DShape</Filter>
    </ClCompile>
    <ClCompile Include="SourceCode\Shape\2DShape\square.cpp">
      <Filter>Shape\2DShape</Filter>
    </ClCompile>
    <ClCompile Include="SourceCode\Shape\2DShape\triangle.cpp">
      <Filter>Shape\2DShape</Filter>
    </ClCompile>
    <ClCompile Include="SourceCode\Shape\3DShape\aabb.cpp">
      <Filter>Shape\3DShape</Filter>
    </ClCompile>
    <ClCompile Include="SourceCode\Shape\3DShape\capsule.cpp">
      <Filter>Shape\3DShape</Filter>
    </ClCompile>
    <ClCompile Include="SourceCode\Shape\3DShape\obb.cpp">
      <Filter>Shape\3DShape</Filter>
    </ClCompile>
    <ClCompile Include="SourceCode\Shape\3DShape\sphere.cpp">
      <Filter>Shape\3DShape</Filter>
    </ClCompile>
    <ClCompile Include="SourceCode\Debugger\debugger.cpp">
      <Filter>Debugger</Filter>
    </ClCompile>
    <ClCompile Include="SourceCode\Part\player_animator.cpp">
      <Filter>Part</Filter>
    </ClCompile>
    <ClCompile Include="SourceCode\Base\animator_base.cpp">
      <Filter>Base</Filter>
    </ClCompile>
    <ClCompile Include="SourceCode\Random\random_generator.cpp">
      <Filter>Random</Filter>
    </ClCompile>
    <ClCompile Include="SourceCode\Shape\2DShape\capsule2D.cpp">
      <Filter>Shape\2DShape</Filter>
    </ClCompile>
    <ClCompile Include="SourceCode\Base\virtual_camera_base.cpp">
      <Filter>Base</Filter>
    </ClCompile>
    <ClCompile Include="SourceCode\VirtualCamera\virtual_camera.cpp">
      <Filter>VirtualCamera</Filter>
    </ClCompile>
    <ClCompile Include="SourceCode\UI\player_ui_creator.cpp">
      <Filter>UI</Filter>
    </ClCompile>
    <ClCompile Include="SourceCode\Algorithm\algorithm.cpp">
      <Filter>Algorithm</Filter>
    </ClCompile>
    <ClCompile Include="SourceCode\VirtualCamera\control_virtual_cameras_controller.cpp">
      <Filter>VirtualCamera</Filter>
    </ClCompile>
    <ClCompile Include="SourceCode\VirtualCamera\rocket_launcher_virtual_camera_controller.cpp">
      <Filter>VirtualCamera</Filter>
    </ClCompile>
    <ClCompile Include="SourceCode\VirtualCamera\rot_control_virtual_camera.cpp">
      <Filter>VirtualCamera</Filter>
    </ClCompile>
    <ClCompile Include="SourceCode\Base\enemy_base.cpp">
      <Filter>Base</Filter>
    </ClCompile>
    <ClCompile Include="SourceCode\Part\camera_aim.cpp">
      <Filter>Part</Filter>
    </ClCompile>
    <ClCompile Include="SourceCode\Part\camera_body.cpp">
      <Filter>Part</Filter>
    </ClCompile>
    <ClCompile Include="SourceCode\Part\camera_noise.cpp">
      <Filter>Part</Filter>
    </ClCompile>
    <ClCompile Include="SourceCode\Shape\3DShape\ray_capsule.cpp">
      <Filter>Shape\3DShape</Filter>
    </ClCompile>
    <ClCompile Include="SourceCode\Algorithm\a_star.cpp">
      <Filter>Algorithm</Filter>
    </ClCompile>
    <ClCompile Include="SourceCode\Part\graphicer.cpp">
      <Filter>Part</Filter>
    </ClCompile>
    <ClCompile Include="SourceCode\Input\input_checker.cpp">
      <Filter>Input</Filter>
    </ClCompile>
    <ClCompile Include="SourceCode\State\PlayerState\aim_gun.cpp">
      <Filter>State\PlayerState</Filter>
    </ClCompile>
    <ClCompile Include="SourceCode\State\PlayerState\weapon_action_null.cpp">
      <Filter>State\PlayerState</Filter>
    </ClCompile>
    <ClCompile Include="SourceCode\State\PlayerState\escape.cpp">
      <Filter>State\PlayerState</Filter>
    </ClCompile>
    <ClCompile Include="SourceCode\State\PlayerState\escape_with_knife.cpp">
      <Filter>State\PlayerState</Filter>
    </ClCompile>
    <ClCompile Include="SourceCode\State\PlayerState\action_null.cpp">
      <Filter>State\PlayerState</Filter>
    </ClCompile>
    <ClCompile Include="SourceCode\State\PlayerState\finish_off.cpp">
      <Filter>State\PlayerState</Filter>
    </ClCompile>
    <ClCompile Include="SourceCode\State\PlayerState\front_kick.cpp">
      <Filter>State\PlayerState</Filter>
    </ClCompile>
    <ClCompile Include="SourceCode\State\PlayerState\equip_gun.cpp">
      <Filter>State\PlayerState</Filter>
    </ClCompile>
    <ClCompile Include="SourceCode\State\PlayerState\move_null.cpp">
      <Filter>State\PlayerState</Filter>
    </ClCompile>
    <ClCompile Include="SourceCode\State\PlayerState\equip_knife.cpp">
      <Filter>State\PlayerState</Filter>
    </ClCompile>
    <ClCompile Include="SourceCode\State\PlayerState\move.cpp">
      <Filter>State\PlayerState</Filter>
    </ClCompile>
    <ClCompile Include="SourceCode\State\PlayerState\parry.cpp">
      <Filter>State\PlayerState</Filter>
    </ClCompile>
    <ClCompile Include="SourceCode\State\PlayerState\reload.cpp">
      <Filter>State\PlayerState</Filter>
    </ClCompile>
    <ClCompile Include="SourceCode\State\PlayerState\roundhouse_kick.cpp">
      <Filter>State\PlayerState</Filter>
    </ClCompile>
    <ClCompile Include="SourceCode\State\PlayerState\run.cpp">
      <Filter>State\PlayerState</Filter>
    </ClCompile>
    <ClCompile Include="SourceCode\State\PlayerState\shot.cpp">
      <Filter>State\PlayerState</Filter>
    </ClCompile>
    <ClCompile Include="SourceCode\State\PlayerState\crouch.cpp">
      <Filter>State\PlayerState</Filter>
    </ClCompile>
    <ClCompile Include="SourceCode\State\PlayerState\stab_knife.cpp">
      <Filter>State\PlayerState</Filter>
    </ClCompile>
    <ClCompile Include="SourceCode\State\PlayerState\stealth_kill.cpp">
      <Filter>State\PlayerState</Filter>
    </ClCompile>
    <ClCompile Include="SourceCode\State\PlayerState\suplex.cpp">
      <Filter>State\PlayerState</Filter>
    </ClCompile>
    <ClCompile Include="SourceCode\State\PlayerState\turn_around.cpp">
      <Filter>State\PlayerState</Filter>
    </ClCompile>
    <ClCompile Include="SourceCode\State\PlayerState\special_null.cpp">
      <Filter>State\PlayerState</Filter>
    </ClCompile>
    <ClCompile Include="SourceCode\Part\player_state_controller.cpp">
      <Filter>Part</Filter>
    </ClCompile>
    <ClCompile Include="SourceCode\State\PlayerState\aim_knife.cpp">
      <Filter>State\PlayerState</Filter>
    </ClCompile>
    <ClCompile Include="SourceCode\State\PlayerState\crouch_turn_around.cpp">
      <Filter>State\PlayerState</Filter>
    </ClCompile>
    <ClCompile Include="SourceCode\ObjectPool\object_pool_holder.cpp">
      <Filter>ObjectPool</Filter>
    </ClCompile>
    <ClCompile Include="SourceCode\ObjectPool\rifle_cartridge_object_pool.cpp">
      <Filter>ObjectPool</Filter>
    </ClCompile>
    <ClCompile Include="SourceCode\Handle\handle_keeper.cpp">
      <Filter>Handle</Filter>
    </ClCompile>
    <ClCompile Include="SourceCode\GameSystem\game_system_setter.cpp">
      <Filter>GameSystem</Filter>
    </ClCompile>
    <ClCompile Include="SourceCode\Command\command_handler.cpp">
      <Filter>Command</Filter>
    </ClCompile>
    <ClCompile Include="SourceCode\Object\knife.cpp">
      <Filter>Object</Filter>
    </ClCompile>
    <ClCompile Include="SourceCode\State\PlayerState\first_side_slash_knife.cpp">
      <Filter>State\PlayerState</Filter>
    </ClCompile>
    <ClCompile Include="SourceCode\State\PlayerState\second_side_slash_knife.cpp">
      <Filter>State\PlayerState</Filter>
    </ClCompile>
    <ClCompile Include="SourceCode\Part\weapon_shortcut_icon.cpp">
      <Filter>Part</Filter>
    </ClCompile>
    <ClCompile Include="SourceCode\Part\weapon_shortcut_drawer.cpp">
      <Filter>Part</Filter>
    </ClCompile>
    <ClCompile Include="SourceCode\Part\weapon_shortcut_selecter.cpp">
      <Filter>Part</Filter>
    </ClCompile>
    <ClCompile Include="SourceCode\Base\knife_base.cpp">
      <Filter>Base</Filter>
    </ClCompile>
    <ClCompile Include="SourceCode\ObjectPool\play_scene_effect_object_pool.cpp">
      <Filter>ObjectPool</Filter>
    </ClCompile>
    <ClCompile Include="SourceCode\ObjectPool\share_scene_effect_object_pool.cpp">
      <Filter>ObjectPool</Filter>
    </ClCompile>
    <ClCompile Include="SourceCode\Manager\effect_manager.cpp">
      <Filter>Manager</Filter>
    </ClCompile>
    <ClCompile Include="SourceCode\Object\effect.cpp">
      <Filter>Object</Filter>
    </ClCompile>
    <ClCompile Include="SourceCode\ShadowMap\shadow_map.cpp">
      <Filter>ShadowMap</Filter>
    </ClCompile>
    <ClCompile Include="SourceCode\UI\ui_drawer.cpp">
      <Filter>UI</Filter>
    </ClCompile>
    <ClCompile Include="SourceCode\Drawer\drawer.cpp">
      <Filter>Drawer</Filter>
    </ClCompile>
    <ClCompile Include="SourceCode\Object\rocket_bomb.cpp">
      <Filter>Object</Filter>
    </ClCompile>
    <ClCompile Include="SourceCode\Object\rocket_launcher.cpp">
      <Filter>Object</Filter>
    </ClCompile>
    <ClCompile Include="SourceCode\State\PlayerState\spinning_slash_knife.cpp">
      <Filter>State\PlayerState</Filter>
    </ClCompile>
    <ClCompile Include="SourceCode\State\PlayerState\detach_weapon.cpp">
      <Filter>State\PlayerState</Filter>
    </ClCompile>
    <ClCompile Include="SourceCode\State\PlayerState\attach_weapon.cpp">
      <Filter>State\PlayerState</Filter>
    </ClCompile>
    <ClCompile Include="SourceCode\GameTime\fps.cpp">
      <Filter>GameTime</Filter>
    </ClCompile>
    <ClCompile Include="SourceCode\GameTime\time_scale_controller.cpp">
      <Filter>GameTime</Filter>
    </ClCompile>
    <ClCompile Include="SourceCode\GameTime\game_time_manager.cpp">
      <Filter>GameTime</Filter>
    </ClCompile>
    <ClCompile Include="SourceCode\State\PlayerState\shot_rocket_launcher.cpp">
      <Filter>State\PlayerState</Filter>
    </ClCompile>
    <ClCompile Include="SourceCode\UI\screen_filter_creator.cpp">
      <Filter>UI</Filter>
    </ClCompile>
    <ClCompile Include="SourceCode\Part\cinema_scope_frame.cpp">
      <Filter>Part</Filter>
    </ClCompile>
    <ClCompile Include="SourceCode\Object\non_collide_rocket_bomb.cpp">
      <Filter>Object</Filter>
    </ClCompile>
    <ClCompile Include="SourceCode\Object\assault_rifle (2).cpp">
      <Filter>Object</Filter>
    </ClCompile>
    <ClCompile Include="SourceCode\Object\assault_rifle_magazine.cpp">
      <Filter>Object</Filter>
    </ClCompile>
    <ClCompile Include="SourceCode\VirtualCamera\cinemachine_brain.cpp">
      <Filter>VirtualCamera</Filter>
    </ClCompile>
    <ClCompile Include="SourceCode\Part\zombie_animator.cpp">
      <Filter>Part</Filter>
    </ClCompile>
    <ClCompile Include="SourceCode\Part\zombie_state_controller.cpp">
      <Filter>Part</Filter>
    </ClCompile>
    <ClCompile Include="SourceCode\Part\hit_points.cpp">
      <Filter>Part</Filter>
    </ClCompile>
  </ItemGroup>
  <ItemGroup>
    <ClInclude Include="SourceCode\Base\character_base.hpp">
      <Filter>Base</Filter>
    </ClInclude>
    <ClInclude Include="SourceCode\Base\gun_base.hpp">
      <Filter>Base</Filter>
    </ClInclude>
    <ClInclude Include="SourceCode\Base\obj_base.hpp">
      <Filter>Base</Filter>
    </ClInclude>
    <ClInclude Include="SourceCode\Base\object_pool_base.hpp">
      <Filter>Base</Filter>
    </ClInclude>
    <ClInclude Include="SourceCode\Base\one_instance_singleton_base.hpp">
      <Filter>Base</Filter>
    </ClInclude>
    <ClInclude Include="SourceCode\Base\physical_obj_base.hpp">
      <Filter>Base</Filter>
    </ClInclude>
    <ClInclude Include="SourceCode\Base\scene_base.hpp">
      <Filter>Base</Filter>
    </ClInclude>
    <ClInclude Include="SourceCode\Base\shape_base.hpp">
      <Filter>Base</Filter>
    </ClInclude>
    <ClInclude Include="SourceCode\Base\singleton_base.hpp">
      <Filter>Base</Filter>
    </ClInclude>
    <ClInclude Include="SourceCode\Base\weapon_base.hpp">
      <Filter>Base</Filter>
    </ClInclude>
    <ClInclude Include="SourceCode\Calculation\axes.hpp">
      <Filter>Calculation</Filter>
    </ClInclude>
    <ClInclude Include="SourceCode\Calculation\collision_calculator.hpp">
      <Filter>Calculation</Filter>
    </ClInclude>
    <ClInclude Include="SourceCode\Calculation\common_operator.hpp">
      <Filter>Calculation</Filter>
    </ClInclude>
    <ClInclude Include="SourceCode\Calculation\math.hpp">
      <Filter>Calculation</Filter>
    </ClInclude>
    <ClInclude Include="SourceCode\Calculation\matrix.hpp">
      <Filter>Calculation</Filter>
    </ClInclude>
    <ClInclude Include="SourceCode\Calculation\quaternion.hpp">
      <Filter>Calculation</Filter>
    </ClInclude>
    <ClInclude Include="SourceCode\Calculation\vector_2d.hpp">
      <Filter>Calculation</Filter>
    </ClInclude>
    <ClInclude Include="SourceCode\Calculation\vector_3d.hpp">
      <Filter>Calculation</Filter>
    </ClInclude>
    <ClInclude Include="SourceCode\Concept\common_concepts.hpp">
      <Filter>Concept</Filter>
    </ClInclude>
    <ClInclude Include="SourceCode\Concept\input_concepts.hpp">
      <Filter>Concept</Filter>
    </ClInclude>
    <ClInclude Include="SourceCode\Concept\obj_concepts.hpp">
      <Filter>Concept</Filter>
    </ClInclude>
    <ClInclude Include="SourceCode\Concept\vector_concepts.hpp">
      <Filter>Concept</Filter>
    </ClInclude>
    <ClInclude Include="SourceCode\Data\CSV\csv.hpp">
      <Filter>Data\CSV</Filter>
    </ClInclude>
    <ClInclude Include="SourceCode\Data\IncludeList\input.hpp">
      <Filter>Data\IncludeList</Filter>
    </ClInclude>
    <ClInclude Include="SourceCode\Data\IncludeList\shape.hpp">
      <Filter>Data\IncludeList</Filter>
    </ClInclude>
    <ClInclude Include="SourceCode\Data\IncludeList\vector.hpp">
      <Filter>Data\IncludeList</Filter>
    </ClInclude>
    <ClInclude Include="SourceCode\Data\Kind\box_kind.hpp">
      <Filter>Data\Kind</Filter>
    </ClInclude>
    <ClInclude Include="SourceCode\Data\Kind\collider_kind.hpp">
      <Filter>Data\Kind</Filter>
    </ClInclude>
    <ClInclude Include="SourceCode\Data\Kind\command_kind.hpp">
      <Filter>Data\Kind</Filter>
    </ClInclude>
    <ClInclude Include="SourceCode\Data\Kind\coordinate_kind.hpp">
      <Filter>Data\Kind</Filter>
    </ClInclude>
    <ClInclude Include="SourceCode\Data\Kind\device_kind.hpp">
      <Filter>Data\Kind</Filter>
    </ClInclude>
    <ClInclude Include="SourceCode\Data\Kind\gun_kind.hpp">
      <Filter>Data\Kind</Filter>
    </ClInclude>
    <ClInclude Include="SourceCode\Data\Kind\input_kind.hpp">
      <Filter>Data\Kind</Filter>
    </ClInclude>
    <ClInclude Include="SourceCode\Data\Kind\knife_kind.hpp">
      <Filter>Data\Kind</Filter>
    </ClInclude>
    <ClInclude Include="SourceCode\Data\Kind\mass_kind.hpp">
      <Filter>Data\Kind</Filter>
    </ClInclude>
    <ClInclude Include="SourceCode\Data\Kind\mouse_kind.hpp">
      <Filter>Data\Kind</Filter>
    </ClInclude>
    <ClInclude Include="SourceCode\Data\Kind\pad_kind.hpp">
      <Filter>Data\Kind</Filter>
    </ClInclude>
    <ClInclude Include="SourceCode\Data\Kind\player_anim_kind.hpp">
      <Filter>Data\Kind</Filter>
    </ClInclude>
    <ClInclude Include="SourceCode\Data\Kind\scene_kind.hpp">
      <Filter>Data\Kind</Filter>
    </ClInclude>
    <ClInclude Include="SourceCode\Data\Kind\shape_kind.hpp">
      <Filter>Data\Kind</Filter>
    </ClInclude>
    <ClInclude Include="SourceCode\Data\Kind\sort_kind.hpp">
      <Filter>Data\Kind</Filter>
    </ClInclude>
    <ClInclude Include="SourceCode\Data\Kind\texture_kind.hpp">
      <Filter>Data\Kind</Filter>
    </ClInclude>
    <ClInclude Include="SourceCode\Data\Kind\time_kind.hpp">
      <Filter>Data\Kind</Filter>
    </ClInclude>
    <ClInclude Include="SourceCode\Data\Name\obj_name.hpp">
      <Filter>Data\Name</Filter>
    </ClInclude>
    <ClInclude Include="SourceCode\Data\Name\object_pool_name.hpp">
      <Filter>Data\Name</Filter>
    </ClInclude>
    <ClInclude Include="SourceCode\Data\Path\animation_path.hpp">
      <Filter>Data\Path</Filter>
    </ClInclude>
    <ClInclude Include="SourceCode\Data\Path\bone_path.hpp">
      <Filter>Data\Path</Filter>
    </ClInclude>
    <ClInclude Include="SourceCode\Data\Path\model_path.hpp">
      <Filter>Data\Path</Filter>
    </ClInclude>
    <ClInclude Include="SourceCode\Data\Tag\animation_tag.hpp">
      <Filter>Data\Tag</Filter>
    </ClInclude>
    <ClInclude Include="SourceCode\Data\Tag\obj_tag.hpp">
      <Filter>Data\Tag</Filter>
    </ClInclude>
    <ClInclude Include="SourceCode\Data\animator_data.hpp">
      <Filter>Data</Filter>
    </ClInclude>
    <ClInclude Include="SourceCode\Data\box_data.hpp">
      <Filter>Data</Filter>
    </ClInclude>
    <ClInclude Include="SourceCode\Data\camera_data.hpp">
      <Filter>Data</Filter>
    </ClInclude>
    <ClInclude Include="SourceCode\Data\collider_pair_data.hpp">
      <Filter>Data</Filter>
    </ClInclude>
    <ClInclude Include="SourceCode\Data\input_data.hpp">
      <Filter>Data</Filter>
    </ClInclude>
    <ClInclude Include="SourceCode\Manager\collision_manager.hpp">
      <Filter>Manager</Filter>
    </ClInclude>
    <ClInclude Include="SourceCode\Manager\game_manager.hpp">
      <Filter>Manager</Filter>
    </ClInclude>
    <ClInclude Include="SourceCode\Manager\obj_manager.hpp">
      <Filter>Manager</Filter>
    </ClInclude>
    <ClInclude Include="SourceCode\Manager\physics_manager.hpp">
      <Filter>Manager</Filter>
    </ClInclude>
    <ClInclude Include="SourceCode\Manager\rifle_cartridge_manager.hpp">
      <Filter>Manager</Filter>
    </ClInclude>
    <ClInclude Include="SourceCode\Manager\scene_manager.hpp">
      <Filter>Manager</Filter>
    </ClInclude>
    <ClInclude Include="SourceCode\Manager\weapon_manager.hpp">
      <Filter>Manager</Filter>
    </ClInclude>
    <ClInclude Include="SourceCode\Object\assault_rifle.hpp">
      <Filter>Object</Filter>
    </ClInclude>
    <ClInclude Include="SourceCode\Object\bullet.hpp">
      <Filter>Object</Filter>
    </ClInclude>
    <ClInclude Include="SourceCode\Object\main_camera.hpp">
      <Filter>Object</Filter>
    </ClInclude>
    <ClInclude Include="SourceCode\Object\zombie.hpp">
      <Filter>Object</Filter>
    </ClInclude>
    <ClInclude Include="SourceCode\Object\ground.hpp">
      <Filter>Object</Filter>
    </ClInclude>
    <ClInclude Include="SourceCode\Object\house.hpp">
      <Filter>Object</Filter>
    </ClInclude>
    <ClInclude Include="SourceCode\Object\player.hpp">
      <Filter>Object</Filter>
    </ClInclude>
    <ClInclude Include="SourceCode\Object\selector.hpp">
      <Filter>Object</Filter>
    </ClInclude>
    <ClInclude Include="SourceCode\Object\shell_casing.hpp">
      <Filter>Object</Filter>
    </ClInclude>
    <ClInclude Include="SourceCode\Object\skydome.hpp">
      <Filter>Object</Filter>
    </ClInclude>
    <ClInclude Include="SourceCode\Part\bone_pos_corrector.hpp">
      <Filter>Part</Filter>
    </ClInclude>
    <ClInclude Include="SourceCode\Part\collider.hpp">
      <Filter>Part</Filter>
    </ClInclude>
    <ClInclude Include="SourceCode\Part\modeler.hpp">
      <Filter>Part</Filter>
    </ClInclude>
    <ClInclude Include="SourceCode\Part\transform.hpp">
      <Filter>Part</Filter>
    </ClInclude>
    <ClInclude Include="SourceCode\Scene\game_clear_scene.hpp">
      <Filter>Scene</Filter>
    </ClInclude>
    <ClInclude Include="SourceCode\Scene\game_over_scene.hpp">
      <Filter>Scene</Filter>
    </ClInclude>
    <ClInclude Include="SourceCode\Scene\load_scene.hpp">
      <Filter>Scene</Filter>
    </ClInclude>
    <ClInclude Include="SourceCode\Scene\play_scene.hpp">
      <Filter>Scene</Filter>
    </ClInclude>
    <ClInclude Include="SourceCode\Scene\share_scene.hpp">
      <Filter>Scene</Filter>
    </ClInclude>
    <ClInclude Include="SourceCode\Scene\title_scene.hpp">
      <Filter>Scene</Filter>
    </ClInclude>
    <ClInclude Include="SourceCode\Window\window.hpp">
      <Filter>Window</Filter>
    </ClInclude>
    <ClInclude Include="SourceCode\Shape\1DShape\line.hpp">
      <Filter>Shape\1DShape</Filter>
    </ClInclude>
    <ClInclude Include="SourceCode\Shape\1DShape\segment.hpp">
      <Filter>Shape\1DShape</Filter>
    </ClInclude>
    <ClInclude Include="SourceCode\Shape\2DShape\circle.hpp">
      <Filter>Shape\2DShape</Filter>
    </ClInclude>
    <ClInclude Include="SourceCode\Shape\2DShape\circumference.hpp">
      <Filter>Shape\2DShape</Filter>
    </ClInclude>
    <ClInclude Include="SourceCode\Shape\2DShape\plane.hpp">
      <Filter>Shape\2DShape</Filter>
    </ClInclude>
    <ClInclude Include="SourceCode\Shape\2DShape\square.hpp">
      <Filter>Shape\2DShape</Filter>
    </ClInclude>
    <ClInclude Include="SourceCode\Shape\2DShape\triangle.hpp">
      <Filter>Shape\2DShape</Filter>
    </ClInclude>
    <ClInclude Include="SourceCode\Shape\3DShape\aabb.hpp">
      <Filter>Shape\3DShape</Filter>
    </ClInclude>
    <ClInclude Include="SourceCode\Shape\3DShape\capsule.hpp">
      <Filter>Shape\3DShape</Filter>
    </ClInclude>
    <ClInclude Include="SourceCode\Shape\3DShape\obb.hpp">
      <Filter>Shape\3DShape</Filter>
    </ClInclude>
    <ClInclude Include="SourceCode\Shape\3DShape\sphere.hpp">
      <Filter>Shape\3DShape</Filter>
    </ClInclude>
    <ClInclude Include="SourceCode\Debugger\debugger.hpp">
      <Filter>Debugger</Filter>
    </ClInclude>
    <ClInclude Include="SourceCode\Part\player_animator.hpp">
      <Filter>Part</Filter>
    </ClInclude>
    <ClInclude Include="SourceCode\Base\animator_base.hpp">
      <Filter>Base</Filter>
    </ClInclude>
    <ClInclude Include="SourceCode\Random\random_generator.hpp">
      <Filter>Random</Filter>
    </ClInclude>
    <ClInclude Include="SourceCode\Shape\2DShape\capsule2D.hpp">
      <Filter>Shape\2DShape</Filter>
    </ClInclude>
    <ClInclude Include="SourceCode\Base\virtual_camera_base.hpp">
      <Filter>Base</Filter>
    </ClInclude>
    <ClInclude Include="SourceCode\VirtualCamera\virtual_camera.hpp">
      <Filter>VirtualCamera</Filter>
    </ClInclude>
    <ClInclude Include="SourceCode\UI\player_ui_creator.hpp">
      <Filter>UI</Filter>
    </ClInclude>
    <ClInclude Include="SourceCode\Algorithm\algorithm.hpp">
      <Filter>Algorithm</Filter>
    </ClInclude>
    <ClInclude Include="SourceCode\VirtualCamera\control_virtual_cameras_controller.hpp">
      <Filter>VirtualCamera</Filter>
    </ClInclude>
    <ClInclude Include="SourceCode\VirtualCamera\rocket_launcher_virtual_camera_controller.hpp">
      <Filter>VirtualCamera</Filter>
    </ClInclude>
    <ClInclude Include="SourceCode\VirtualCamera\rot_control_virtual_camera.hpp">
      <Filter>VirtualCamera</Filter>
    </ClInclude>
    <ClInclude Include="SourceCode\Base\enemy_base.hpp">
      <Filter>Base</Filter>
    </ClInclude>
    <ClInclude Include="SourceCode\Data\Name\ui_creator_name.hpp">
      <Filter>Data\Name</Filter>
    </ClInclude>
    <ClInclude Include="SourceCode\Part\camera_aim.hpp">
      <Filter>Part</Filter>
    </ClInclude>
    <ClInclude Include="SourceCode\Part\camera_body.hpp">
      <Filter>Part</Filter>
    </ClInclude>
    <ClInclude Include="SourceCode\Part\camera_noise.hpp">
      <Filter>Part</Filter>
    </ClInclude>
    <ClInclude Include="SourceCode\Shape\3DShape\ray_capsule.hpp">
      <Filter>Shape\3DShape</Filter>
    </ClInclude>
    <ClInclude Include="SourceCode\Algorithm\a_star.hpp">
      <Filter>Algorithm</Filter>
    </ClInclude>
    <ClInclude Include="SourceCode\Part\graphicer.hpp">
      <Filter>Part</Filter>
    </ClInclude>
    <ClInclude Include="SourceCode\Data\Path\ui_graphic_path.hpp">
      <Filter>Data\Path</Filter>
    </ClInclude>
    <ClInclude Include="SourceCode\Interface\i_state.hpp">
      <Filter>Interface</Filter>
    </ClInclude>
    <ClInclude Include="SourceCode\Input\input_checker.hpp">
      <Filter>Input</Filter>
    </ClInclude>
    <ClInclude Include="SourceCode\State\PlayerState\aim_gun.hpp">
      <Filter>State\PlayerState</Filter>
    </ClInclude>
    <ClInclude Include="SourceCode\State\PlayerState\weapon_action_null.hpp">
      <Filter>State\PlayerState</Filter>
    </ClInclude>
    <ClInclude Include="SourceCode\State\PlayerState\escape.hpp">
      <Filter>State\PlayerState</Filter>
    </ClInclude>
    <ClInclude Include="SourceCode\State\PlayerState\escape_with_knife.hpp">
      <Filter>State\PlayerState</Filter>
    </ClInclude>
    <ClInclude Include="SourceCode\State\PlayerState\action_null.hpp">
      <Filter>State\PlayerState</Filter>
    </ClInclude>
    <ClInclude Include="SourceCode\State\PlayerState\finish_off.hpp">
      <Filter>State\PlayerState</Filter>
    </ClInclude>
    <ClInclude Include="SourceCode\State\PlayerState\front_kick.hpp">
      <Filter>State\PlayerState</Filter>
    </ClInclude>
    <ClInclude Include="SourceCode\State\PlayerState\equip_gun.hpp">
      <Filter>State\PlayerState</Filter>
    </ClInclude>
    <ClInclude Include="SourceCode\State\PlayerState\move_null.hpp">
      <Filter>State\PlayerState</Filter>
    </ClInclude>
    <ClInclude Include="SourceCode\State\PlayerState\equip_knife.hpp">
      <Filter>State\PlayerState</Filter>
    </ClInclude>
    <ClInclude Include="SourceCode\State\PlayerState\move.hpp">
      <Filter>State\PlayerState</Filter>
    </ClInclude>
    <ClInclude Include="SourceCode\State\PlayerState\parry.hpp">
      <Filter>State\PlayerState</Filter>
    </ClInclude>
    <ClInclude Include="SourceCode\State\PlayerState\reload.hpp">
      <Filter>State\PlayerState</Filter>
    </ClInclude>
    <ClInclude Include="SourceCode\State\PlayerState\roundhouse_kick.hpp">
      <Filter>State\PlayerState</Filter>
    </ClInclude>
    <ClInclude Include="SourceCode\State\PlayerState\run.hpp">
      <Filter>State\PlayerState</Filter>
    </ClInclude>
    <ClInclude Include="SourceCode\State\PlayerState\shot.hpp">
      <Filter>State\PlayerState</Filter>
    </ClInclude>
    <ClInclude Include="SourceCode\State\PlayerState\crouch.hpp">
      <Filter>State\PlayerState</Filter>
    </ClInclude>
    <ClInclude Include="SourceCode\State\PlayerState\stab_knife.hpp">
      <Filter>State\PlayerState</Filter>
    </ClInclude>
    <ClInclude Include="SourceCode\State\PlayerState\stealth_kill.hpp">
      <Filter>State\PlayerState</Filter>
    </ClInclude>
    <ClInclude Include="SourceCode\State\PlayerState\suplex.hpp">
      <Filter>State\PlayerState</Filter>
    </ClInclude>
    <ClInclude Include="SourceCode\State\PlayerState\turn_around.hpp">
      <Filter>State\PlayerState</Filter>
    </ClInclude>
    <ClInclude Include="SourceCode\State\PlayerState\special_null.hpp">
      <Filter>State\PlayerState</Filter>
    </ClInclude>
    <ClInclude Include="SourceCode\Concept\state_concepts.hpp">
      <Filter>Concept</Filter>
    </ClInclude>
    <ClInclude Include="SourceCode\Part\player_state_controller.hpp">
      <Filter>Part</Filter>
    </ClInclude>
    <ClInclude Include="SourceCode\Base\action_state_base.hpp">
      <Filter>Base</Filter>
    </ClInclude>
    <ClInclude Include="SourceCode\Base\move_state_base.hpp">
      <Filter>Base</Filter>
    </ClInclude>
    <ClInclude Include="SourceCode\Base\special_state_base.hpp">
      <Filter>Base</Filter>
    </ClInclude>
    <ClInclude Include="SourceCode\Base\weapon_action_state_base.hpp">
      <Filter>Base</Filter>
    </ClInclude>
    <ClInclude Include="SourceCode\State\PlayerState\aim_knife.hpp">
      <Filter>State\PlayerState</Filter>
    </ClInclude>
    <ClInclude Include="SourceCode\State\PlayerState\crouch_turn_around.hpp">
      <Filter>State\PlayerState</Filter>
    </ClInclude>
    <ClInclude Include="SourceCode\ObjectPool\object_pool_holder.hpp">
      <Filter>ObjectPool</Filter>
    </ClInclude>
    <ClInclude Include="SourceCode\ObjectPool\rifle_cartridge_object_pool.hpp">
      <Filter>ObjectPool</Filter>
    </ClInclude>
    <ClInclude Include="SourceCode\Handle\handle_keeper.hpp">
      <Filter>Handle</Filter>
    </ClInclude>
    <ClInclude Include="SourceCode\GameSystem\game_system_setter.hpp">
      <Filter>GameSystem</Filter>
    </ClInclude>
    <ClInclude Include="SourceCode\Command\command_handler.hpp">
      <Filter>Command</Filter>
    </ClInclude>
    <ClInclude Include="SourceCode\Handle\state_handler.hpp">
      <Filter>Handle</Filter>
    </ClInclude>
    <ClInclude Include="SourceCode\Data\Kind\camera_state_kind.hpp">
      <Filter>Data\Kind</Filter>
    </ClInclude>
    <ClInclude Include="SourceCode\Data\Kind\player_state_kind.hpp">
      <Filter>Data\Kind</Filter>
    </ClInclude>
    <ClInclude Include="SourceCode\Data\Kind\weapon_kind.hpp">
      <Filter>Data\Kind</Filter>
    </ClInclude>
    <ClInclude Include="SourceCode\Interface\i_item.hpp">
      <Filter>Interface</Filter>
    </ClInclude>
    <ClInclude Include="SourceCode\Data\Kind\item_kind.hpp">
      <Filter>Data\Kind</Filter>
    </ClInclude>
    <ClInclude Include="SourceCode\Object\knife.hpp">
      <Filter>Object</Filter>
    </ClInclude>
    <ClInclude Include="SourceCode\Data\Kind\holster_kind.hpp">
      <Filter>Data\Kind</Filter>
    </ClInclude>
    <ClInclude Include="SourceCode\State\PlayerState\first_side_slash_knife.hpp">
      <Filter>State\PlayerState</Filter>
    </ClInclude>
    <ClInclude Include="SourceCode\State\PlayerState\second_side_slash_knife.hpp">
      <Filter>State\PlayerState</Filter>
    </ClInclude>
    <ClInclude Include="SourceCode\Part\weapon_shortcut_icon.hpp">
      <Filter>Part</Filter>
    </ClInclude>
    <ClInclude Include="SourceCode\Part\weapon_shortcut_drawer.hpp">
      <Filter>Part</Filter>
    </ClInclude>
    <ClInclude Include="SourceCode\Part\weapon_shortcut_selecter.hpp">
      <Filter>Part</Filter>
    </ClInclude>
    <ClInclude Include="SourceCode\Data\Kind\weapon_shortcut_pos_kind.hpp">
      <Filter>Data\Kind</Filter>
    </ClInclude>
    <ClInclude Include="SourceCode\Base\knife_base.hpp">
      <Filter>Base</Filter>
    </ClInclude>
    <ClInclude Include="SourceCode\ObjectPool\play_scene_effect_object_pool.hpp">
      <Filter>ObjectPool</Filter>
    </ClInclude>
    <ClInclude Include="SourceCode\ObjectPool\share_scene_effect_object_pool.hpp">
      <Filter>ObjectPool</Filter>
    </ClInclude>
    <ClInclude Include="SourceCode\Manager\effect_manager.hpp">
      <Filter>Manager</Filter>
    </ClInclude>
    <ClInclude Include="SourceCode\Object\effect.hpp">
      <Filter>Object</Filter>
    </ClInclude>
    <ClInclude Include="SourceCode\Interface\i_poolable.hpp">
      <Filter>Interface</Filter>
    </ClInclude>
    <ClInclude Include="SourceCode\Data\Path\effect_path.hpp">
      <Filter>Data\Path</Filter>
    </ClInclude>
    <ClInclude Include="SourceCode\Interface\i_observer.hpp">
      <Filter>Interface</Filter>
    </ClInclude>
    <ClInclude Include="SourceCode\Part\subject.hpp">
      <Filter>Part</Filter>
    </ClInclude>
    <ClInclude Include="SourceCode\Data\Kind\event_kind.hpp">
      <Filter>Data\Kind</Filter>
    </ClInclude>
    <ClInclude Include="SourceCode\ShadowMap\shadow_map.hpp">
      <Filter>ShadowMap</Filter>
    </ClInclude>
    <ClInclude Include="SourceCode\UI\ui_drawer.hpp">
      <Filter>UI</Filter>
    </ClInclude>
    <ClInclude Include="SourceCode\Drawer\drawer.hpp">
      <Filter>Drawer</Filter>
    </ClInclude>
    <ClInclude Include="SourceCode\Object\rocket_bomb.hpp">
      <Filter>Object</Filter>
    </ClInclude>
    <ClInclude Include="SourceCode\Object\rocket_launcher.hpp">
      <Filter>Object</Filter>
    </ClInclude>
    <ClInclude Include="SourceCode\Interface\i_bullet.hpp">
      <Filter>Interface</Filter>
    </ClInclude>
    <ClInclude Include="SourceCode\State\PlayerState\spinning_slash_knife.hpp">
      <Filter>State\PlayerState</Filter>
    </ClInclude>
    <ClInclude Include="SourceCode\State\PlayerState\detach_weapon.hpp">
      <Filter>State\PlayerState</Filter>
    </ClInclude>
    <ClInclude Include="SourceCode\State\PlayerState\attach_weapon.hpp">
      <Filter>State\PlayerState</Filter>
    </ClInclude>
    <ClInclude Include="SourceCode\Data\effect_data.hpp">
      <Filter>Data</Filter>
    </ClInclude>
    <ClInclude Include="SourceCode\Data\Event\end_rocket_launcher_cutscene_data.hpp">
      <Filter>Data\Event</Filter>
    </ClInclude>
    <ClInclude Include="SourceCode\Data\Event\rocket_launcher_shot_data.hpp">
      <Filter>Data\Event</Filter>
    </ClInclude>
    <ClInclude Include="SourceCode\Data\Event\on_hit_bullet_data.hpp">
      <Filter>Data\Event</Filter>
    </ClInclude>
    <ClInclude Include="SourceCode\Data\Event\on_shot_bullet_data.hpp">
      <Filter>Data\Event</Filter>
    </ClInclude>
    <ClInclude Include="SourceCode\Data\Event\weapon_shot_data.hpp">
      <Filter>Data\Event</Filter>
    </ClInclude>
    <ClInclude Include="SourceCode\Data\Event\event.hpp">
      <Filter>Data\Event</Filter>
    </ClInclude>
    <ClInclude Include="SourceCode\Interface\i_event.hpp">
      <Filter>Interface</Filter>
    </ClInclude>
    <ClInclude Include="SourceCode\Interface\i_control_virtual_camera.hpp">
      <Filter>Interface</Filter>
    </ClInclude>
    <ClInclude Include="SourceCode\Data\control_virtual_camera_data.hpp">
      <Filter>Data</Filter>
    </ClInclude>
    <ClInclude Include="SourceCode\GameTime\fps.hpp">
      <Filter>GameTime</Filter>
    </ClInclude>
    <ClInclude Include="SourceCode\GameTime\time_scale_controller.hpp">
      <Filter>GameTime</Filter>
    </ClInclude>
    <ClInclude Include="SourceCode\GameTime\game_time_manager.hpp">
      <Filter>GameTime</Filter>
    </ClInclude>
    <ClInclude Include="SourceCode\Interface\i_virtual_camera_controller.hpp">
      <Filter>Interface</Filter>
    </ClInclude>
    <ClInclude Include="SourceCode\Data\Kind\virtual_camera_controller_kind.hpp">
      <Filter>Data\Kind</Filter>
    </ClInclude>
    <ClInclude Include="SourceCode\State\PlayerState\shot_rocket_launcher.hpp">
      <Filter>State\PlayerState</Filter>
    </ClInclude>
    <ClInclude Include="SourceCode\Data\Kind\blend_activation_policy_kind.hpp">
      <Filter>Data\Kind</Filter>
    </ClInclude>
    <ClInclude Include="SourceCode\Data\recoil_data.hpp">
      <Filter>Data</Filter>
    </ClInclude>
    <ClInclude Include="SourceCode\UI\screen_filter_creator.hpp">
      <Filter>UI</Filter>
    </ClInclude>
    <ClInclude Include="SourceCode\Interface\i_ui_creator.hpp">
      <Filter>Interface</Filter>
    </ClInclude>
    <ClInclude Include="SourceCode\Data\Event\start_rocket_launcher_cutscene_data.hpp">
      <Filter>Data\Event</Filter>
    </ClInclude>
    <ClInclude Include="SourceCode\Part\cinema_scope_frame.hpp">
      <Filter>Part</Filter>
    </ClInclude>
    <ClInclude Include="SourceCode\Object\non_collide_rocket_bomb.hpp">
      <Filter>Object</Filter>
    </ClInclude>
    <ClInclude Include="SourceCode\Object\assault_rifle (2).hpp">
      <Filter>Object</Filter>
    </ClInclude>
    <ClInclude Include="SourceCode\Object\assault_rifle_magazine.hpp">
      <Filter>Object</Filter>
    </ClInclude>
    <ClInclude Include="SourceCode\Interface\i_loadable_ammo.hpp">
      <Filter>Interface</Filter>
    </ClInclude>
    <ClInclude Include="SourceCode\Interface\i_shooter.hpp">
      <Filter>Interface</Filter>
    </ClInclude>
    <ClInclude Include="SourceCode\VirtualCamera\cinemachine_brain.hpp">
      <Filter>VirtualCamera</Filter>
    </ClInclude>
    <ClInclude Include="SourceCode\Part\zombie_animator.hpp">
      <Filter>Part</Filter>
    </ClInclude>
    <ClInclude Include="SourceCode\Part\zombie_state_controller.hpp">
      <Filter>Part</Filter>
    </ClInclude>
    <ClInclude Include="SourceCode\Data\Kind\zombie_anim_kind.hpp">
      <Filter>Data\Kind</Filter>
    </ClInclude>
    <ClInclude Include="SourceCode\Data\Kind\zombie_state_kind.hpp">
      <Filter>Data\Kind</Filter>
    </ClInclude>
    <ClInclude Include="SourceCode\Part\hit_points.hpp">
      <Filter>Part</Filter>
    </ClInclude>
    <ClInclude Include="SourceCode\Data\Kind\hit_points_part_kind.hpp">
      <Filter>Data\Kind</Filter>
    </ClInclude>
  </ItemGroup>
  <ItemGroup>
    <Filter Include="Data">
      <UniqueIdentifier>{5a2c6f1c-a568-4987-8934-7f3f80ed2bd5}</UniqueIdentifier>
    </Filter>
    <Filter Include="Data\Name">
      <UniqueIdentifier>{c3148a31-6123-4086-b761-3edd4fe5f420}</UniqueIdentifier>
    </Filter>
    <Filter Include="Base">
      <UniqueIdentifier>{56ace882-0c19-4d74-887a-e7b8e785f829}</UniqueIdentifier>
    </Filter>
    <Filter Include="Concept">
      <UniqueIdentifier>{a9c774d0-5df2-4b66-8aa2-945d950db781}</UniqueIdentifier>
    </Filter>
    <Filter Include="Data\Json">
      <UniqueIdentifier>{3eab40b7-60e6-487a-879b-9b1e3022aeb9}</UniqueIdentifier>
    </Filter>
    <Filter Include="Data\CSV">
      <UniqueIdentifier>{aa18a683-8198-4225-be40-2831c615d11f}</UniqueIdentifier>
    </Filter>
    <Filter Include="Data\Path">
      <UniqueIdentifier>{ce592a38-5a0e-4681-97e6-ec115ff7e61a}</UniqueIdentifier>
    </Filter>
    <Filter Include="Data\Kind">
      <UniqueIdentifier>{72135338-3c4c-44c1-a81b-ef11a7ace830}</UniqueIdentifier>
    </Filter>
    <Filter Include="Data\Tag">
      <UniqueIdentifier>{cd4f92e3-b298-4e4a-9752-61379ba99845}</UniqueIdentifier>
    </Filter>
    <Filter Include="Scene">
      <UniqueIdentifier>{47238515-00d6-486e-bcf4-f6f55f21cce5}</UniqueIdentifier>
    </Filter>
    <Filter Include="Shape">
      <UniqueIdentifier>{2694cdd7-3230-4767-9c43-c6a55e47da5a}</UniqueIdentifier>
    </Filter>
    <Filter Include="Shape\1DShape">
      <UniqueIdentifier>{56bc29da-2db5-4b2a-8e94-09d5fffb4bd1}</UniqueIdentifier>
    </Filter>
    <Filter Include="Shape\2DShape">
      <UniqueIdentifier>{4b13d9b8-f21f-434a-aa12-561611daf8ca}</UniqueIdentifier>
    </Filter>
    <Filter Include="Data\IncludeList">
      <UniqueIdentifier>{a9b5adeb-15db-4ac4-822d-1b42782f9731}</UniqueIdentifier>
    </Filter>
    <Filter Include="Calculation">
      <UniqueIdentifier>{3983031e-056b-4d1a-a00f-c1acc90bf560}</UniqueIdentifier>
    </Filter>
    <Filter Include="Window">
      <UniqueIdentifier>{209348fb-11d3-4b60-abc5-489ba6ddecc4}</UniqueIdentifier>
    </Filter>
    <Filter Include="Part">
      <UniqueIdentifier>{c6964f06-9b8c-446a-8f44-3299598a3b7f}</UniqueIdentifier>
    </Filter>
    <Filter Include="Object">
      <UniqueIdentifier>{12318b27-d5b3-41f7-b2c0-6e3e27ab8d35}</UniqueIdentifier>
    </Filter>
    <Filter Include="Debugger">
      <UniqueIdentifier>{0f578ace-5d63-4ed1-91d5-90e33a16cf7f}</UniqueIdentifier>
    </Filter>
    <Filter Include="Random">
      <UniqueIdentifier>{d4a7cfb9-bc76-4840-bd83-b43643529fba}</UniqueIdentifier>
    </Filter>
    <Filter Include="VirtualCamera">
      <UniqueIdentifier>{81d6ad34-35fe-4a8d-a1cf-1c9d3f946d67}</UniqueIdentifier>
    </Filter>
    <Filter Include="UI">
      <UniqueIdentifier>{086e891d-27f0-4a74-adb0-64470b2222e4}</UniqueIdentifier>
    </Filter>
    <Filter Include="Algorithm">
      <UniqueIdentifier>{b0890834-20a2-48aa-b030-750bd28f8af2}</UniqueIdentifier>
    </Filter>
    <Filter Include="Interface">
      <UniqueIdentifier>{ca30a1cf-6f57-4e96-a660-dd84bdc29e45}</UniqueIdentifier>
    </Filter>
    <Filter Include="Shape\3DShape">
      <UniqueIdentifier>{ac75a37e-b63a-4367-aa7b-75ba0c9cc8f7}</UniqueIdentifier>
    </Filter>
    <Filter Include="ObjectPool">
      <UniqueIdentifier>{babb64c0-15ce-4652-be32-4fda876508c4}</UniqueIdentifier>
    </Filter>
    <Filter Include="Handle">
      <UniqueIdentifier>{cfc4f451-f315-4d70-a0c8-344f9afc963d}</UniqueIdentifier>
    </Filter>
    <Filter Include="GameSystem">
      <UniqueIdentifier>{9c2a5154-d2f7-4994-943f-afea0c330812}</UniqueIdentifier>
    </Filter>
    <Filter Include="Command">
      <UniqueIdentifier>{d5ed3af6-7b23-411d-ab3e-44150fb5ace3}</UniqueIdentifier>
    </Filter>
    <Filter Include="ShadowMap">
      <UniqueIdentifier>{42ae97fb-a9d7-47a3-b9b8-61b541d541e4}</UniqueIdentifier>
    </Filter>
    <Filter Include="Drawer">
      <UniqueIdentifier>{0ad1cdd1-f9f1-4f0c-8cec-bf613a662d11}</UniqueIdentifier>
    </Filter>
    <Filter Include="Data\Event">
      <UniqueIdentifier>{f5b974f8-f979-4048-b2ca-49cde3426995}</UniqueIdentifier>
    </Filter>
    <Filter Include="GameTime">
      <UniqueIdentifier>{2bb7eee7-c5b3-48ad-a6f8-72c884dfb3b2}</UniqueIdentifier>
    </Filter>
    <Filter Include="Manager">
      <UniqueIdentifier>{69894637-334e-46d6-be72-079330c80427}</UniqueIdentifier>
    </Filter>
    <Filter Include="Input">
      <UniqueIdentifier>{6e63f400-6b05-4fc8-a6aa-4c6d33790181}</UniqueIdentifier>
    </Filter>
    <Filter Include="State">
      <UniqueIdentifier>{9a691bb4-740c-48d4-baec-fd67b8b9b808}</UniqueIdentifier>
    </Filter>
    <Filter Include="State\PlayerState">
      <UniqueIdentifier>{9ac7a4f2-56f9-4748-905d-6db02b36b09d}</UniqueIdentifier>
    </Filter>
    <Filter Include="State\CameraState">
      <UniqueIdentifier>{ff495161-2f03-4c6e-a508-ddbb081ecd2c}</UniqueIdentifier>
    </Filter>
    <Filter Include="State\ZombieState">
      <UniqueIdentifier>{d2ef4260-3541-4500-92a8-03e820d5ca75}</UniqueIdentifier>
    </Filter>
  </ItemGroup>
</Project>