<?xml version="1.0" encoding="utf-8"?>
<Project ToolsVersion="4.0" xmlns="http://schemas.microsoft.com/developer/msbuild/2003">
  <ItemGroup>
    <ClCompile Include="source_code\Manager\game_manager.cpp">
      <Filter>Manager</Filter>
    </ClCompile>
    <ClCompile Include="source_code\Manager\scene_manager.cpp">
      <Filter>Manager</Filter>
    </ClCompile>
    <ClCompile Include="source_code\FPS\fps.cpp">
      <Filter>Data\FPS</Filter>
    </ClCompile>
    <ClCompile Include="source_code\main.cpp" />
    <ClCompile Include="source_code\Manager\input_checker.cpp">
      <Filter>Manager</Filter>
    </ClCompile>
    <ClCompile Include="source_code\Window\window.cpp">
      <Filter>Window</Filter>
    </ClCompile>
    <ClCompile Include="source_code\Manager\obj_manager.cpp">
      <Filter>Manager</Filter>
    </ClCompile>
    <ClCompile Include="source_code\Scene\game_clear_scene.cpp">
      <Filter>Scene</Filter>
    </ClCompile>
    <ClCompile Include="source_code\Scene\game_over_scene.cpp">
      <Filter>Scene</Filter>
    </ClCompile>
    <ClCompile Include="source_code\Scene\load_scene.cpp">
      <Filter>Scene</Filter>
    </ClCompile>
    <ClCompile Include="source_code\Scene\play_scene.cpp">
      <Filter>Scene</Filter>
    </ClCompile>
    <ClCompile Include="source_code\Scene\share_scene.cpp">
      <Filter>Scene</Filter>
    </ClCompile>
    <ClCompile Include="source_code\Scene\title_scene.cpp">
      <Filter>Scene</Filter>
    </ClCompile>
    <ClCompile Include="source_code\Object\player.cpp">
      <Filter>Object</Filter>
    </ClCompile>
    <ClCompile Include="source_code\Object\camera.cpp">
      <Filter>Object</Filter>
    </ClCompile>
    <ClCompile Include="source_code\Shape\1DShape\line.cpp">
      <Filter>Shape\1DShape</Filter>
    </ClCompile>
    <ClCompile Include="source_code\Shape\1DShape\segment.cpp">
      <Filter>Shape\1DShape</Filter>
    </ClCompile>
    <ClCompile Include="source_code\Shape\2DShape\circle.cpp">
      <Filter>Shape\2DShape</Filter>
    </ClCompile>
    <ClCompile Include="source_code\Shape\2DShape\plane.cpp">
      <Filter>Shape\2DShape</Filter>
    </ClCompile>
    <ClCompile Include="source_code\Shape\2DShape\square.cpp">
      <Filter>Shape\2DShape</Filter>
    </ClCompile>
    <ClCompile Include="source_code\Shape\2DShape\triangle.cpp">
      <Filter>Shape\2DShape</Filter>
    </ClCompile>
    <ClCompile Include="source_code\Shape\3DShape\aabb.cpp">
      <Filter>Shape\3DShape</Filter>
    </ClCompile>
    <ClCompile Include="source_code\Shape\3DShape\capsule.cpp">
      <Filter>Shape\3DShape</Filter>
    </ClCompile>
    <ClCompile Include="source_code\Shape\3DShape\obb.cpp">
      <Filter>Shape\3DShape</Filter>
    </ClCompile>
    <ClCompile Include="source_code\Shape\3DShape\sphere.cpp">
      <Filter>Shape\3DShape</Filter>
    </ClCompile>
    <ClCompile Include="source_code\Shape\2DShape\circumference.cpp">
      <Filter>Shape\2DShape</Filter>
    </ClCompile>
    <ClCompile Include="source_code\Manager\collision_manager.cpp">
      <Filter>Manager</Filter>
    </ClCompile>
    <ClCompile Include="source_code\Calculation\collision_calculator.cpp">
      <Filter>Calculation</Filter>
    </ClCompile>
    <ClCompile Include="source_code\Calculation\math.cpp">
      <Filter>Calculation</Filter>
    </ClCompile>
    <ClCompile Include="source_code\Calculation\quaternion.cpp">
      <Filter>Calculation</Filter>
    </ClCompile>
    <ClCompile Include="source_code\Part\animator.cpp">
      <Filter>Part</Filter>
    </ClCompile>
    <ClCompile Include="source_code\Part\modeler (2).cpp">
      <Filter>Part</Filter>
    </ClCompile>
    <ClCompile Include="source_code\Part\modeler.cpp">
      <Filter>Part</Filter>
    </ClCompile>
    <ClCompile Include="source_code\Part\transform.cpp">
      <Filter>Part</Filter>
    </ClCompile>
    <ClCompile Include="source_code\Manager\physics_manager.cpp">
      <Filter>Manager</Filter>
    </ClCompile>
    <ClCompile Include="source_code\Manager\command_handler.cpp">
      <Filter>Manager</Filter>
    </ClCompile>
    <ClCompile Include="source_code\Command\camera_command.cpp">
      <Filter>Command</Filter>
    </ClCompile>
    <ClCompile Include="source_code\Command\player_command.cpp">
      <Filter>Command</Filter>
    </ClCompile>
    <ClCompile Include="source_code\Command\select_command.cpp">
      <Filter>Command</Filter>
    </ClCompile>
    <ClCompile Include="source_code\Object\selector.cpp">
      <Filter>Object</Filter>
    </ClCompile>
    <ClCompile Include="source_code\Object\assault_rifle.cpp">
      <Filter>Object</Filter>
    </ClCompile>
    <ClCompile Include="source_code\Manager\weapon_manager.cpp">
      <Filter>Manager</Filter>
    </ClCompile>
  </ItemGroup>
  <ItemGroup>
    <ClInclude Include="source_code\Manager\game_manager.hpp">
      <Filter>Manager</Filter>
    </ClInclude>
    <ClInclude Include="source_code\Manager\scene_manager.hpp">
      <Filter>Manager</Filter>
    </ClInclude>
    <ClInclude Include="source_code\FPS\fps.hpp">
      <Filter>Data\FPS</Filter>
    </ClInclude>
    <ClInclude Include="source_code\Data\animator_data.hpp">
      <Filter>Data</Filter>
    </ClInclude>
    <ClInclude Include="source_code\Data\Tag\obj_tag.hpp">
      <Filter>Data\Tag</Filter>
    </ClInclude>
    <ClInclude Include="source_code\Data\Tag\animation_tag.hpp">
      <Filter>Data\Tag</Filter>
    </ClInclude>
    <ClInclude Include="source_code\Data\Name\obj_name.hpp">
      <Filter>Data\Name</Filter>
    </ClInclude>
    <ClInclude Include="source_code\Base\obj_base.hpp">
      <Filter>Base</Filter>
    </ClInclude>
    <ClInclude Include="source_code\Concept\common_concepts.hpp">
      <Filter>Concept</Filter>
    </ClInclude>
    <ClInclude Include="source_code\Data\CSV\csv.hpp">
      <Filter>Data\CSV</Filter>
    </ClInclude>
    <ClInclude Include="source_code\Manager\input_checker.hpp">
      <Filter>Manager</Filter>
    </ClInclude>
    <ClInclude Include="source_code\Data\input_data.hpp">
      <Filter>Data</Filter>
    </ClInclude>
    <ClInclude Include="source_code\Concept\input_concepts.hpp">
      <Filter>Concept</Filter>
    </ClInclude>
    <ClInclude Include="source_code\Window\window.hpp">
      <Filter>Window</Filter>
    </ClInclude>
    <ClInclude Include="source_code\Data\Path\animation_path.hpp">
      <Filter>Data\Path</Filter>
    </ClInclude>
    <ClInclude Include="source_code\Data\Path\model_path.hpp">
      <Filter>Data\Path</Filter>
    </ClInclude>
    <ClInclude Include="source_code\Data\Kind\input_kind.hpp">
      <Filter>Data\Kind</Filter>
    </ClInclude>
    <ClInclude Include="source_code\Data\Kind\player_kind.hpp">
      <Filter>Data\Kind</Filter>
    </ClInclude>
    <ClInclude Include="source_code\Base\scene_base.hpp">
      <Filter>Base</Filter>
    </ClInclude>
    <ClInclude Include="source_code\Manager\obj_manager.hpp">
      <Filter>Manager</Filter>
    </ClInclude>
    <ClInclude Include="source_code\Data\Kind\scene_kind.hpp">
      <Filter>Data\Kind</Filter>
    </ClInclude>
    <ClInclude Include="source_code\Base\one_instance_singleton_base.hpp">
      <Filter>Base</Filter>
    </ClInclude>
    <ClInclude Include="source_code\Base\singleton_base.hpp">
      <Filter>Base</Filter>
    </ClInclude>
    <ClInclude Include="source_code\Scene\game_clear_scene.hpp">
      <Filter>Scene</Filter>
    </ClInclude>
    <ClInclude Include="source_code\Scene\game_over_scene.hpp">
      <Filter>Scene</Filter>
    </ClInclude>
    <ClInclude Include="source_code\Scene\load_scene.hpp">
      <Filter>Scene</Filter>
    </ClInclude>
    <ClInclude Include="source_code\Scene\play_scene.hpp">
      <Filter>Scene</Filter>
    </ClInclude>
    <ClInclude Include="source_code\Scene\share_scene.hpp">
      <Filter>Scene</Filter>
    </ClInclude>
    <ClInclude Include="source_code\Scene\title_scene.hpp">
      <Filter>Scene</Filter>
    </ClInclude>
    <ClInclude Include="source_code\Object\player.hpp">
      <Filter>Object</Filter>
    </ClInclude>
    <ClInclude Include="source_code\Object\camera.hpp">
      <Filter>Object</Filter>
    </ClInclude>
    <ClInclude Include="source_code\Concept\obj_concepts.hpp">
      <Filter>Concept</Filter>
    </ClInclude>
    <ClInclude Include="source_code\Shape\1DShape\line.hpp">
      <Filter>Shape\1DShape</Filter>
    </ClInclude>
    <ClInclude Include="source_code\Shape\1DShape\segment.hpp">
      <Filter>Shape\1DShape</Filter>
    </ClInclude>
    <ClInclude Include="source_code\Shape\2DShape\circle.hpp">
      <Filter>Shape\2DShape</Filter>
    </ClInclude>
    <ClInclude Include="source_code\Shape\2DShape\plane.hpp">
      <Filter>Shape\2DShape</Filter>
    </ClInclude>
    <ClInclude Include="source_code\Shape\2DShape\square.hpp">
      <Filter>Shape\2DShape</Filter>
    </ClInclude>
    <ClInclude Include="source_code\Shape\2DShape\triangle.hpp">
      <Filter>Shape\2DShape</Filter>
    </ClInclude>
    <ClInclude Include="source_code\Shape\3DShape\aabb.hpp">
      <Filter>Shape\3DShape</Filter>
    </ClInclude>
    <ClInclude Include="source_code\Shape\3DShape\capsule.hpp">
      <Filter>Shape\3DShape</Filter>
    </ClInclude>
    <ClInclude Include="source_code\Shape\3DShape\obb.hpp">
      <Filter>Shape\3DShape</Filter>
    </ClInclude>
    <ClInclude Include="source_code\Shape\3DShape\sphere.hpp">
      <Filter>Shape\3DShape</Filter>
    </ClInclude>
    <ClInclude Include="source_code\Base\shape_base.hpp">
      <Filter>Base</Filter>
    </ClInclude>
    <ClInclude Include="source_code\Data\Kind\shape_kind.hpp">
      <Filter>Data\Kind</Filter>
    </ClInclude>
    <ClInclude Include="source_code\Concept\vector_concepts.hpp">
      <Filter>Concept</Filter>
    </ClInclude>
    <ClInclude Include="source_code\Data\IncludeList\shape.hpp">
      <Filter>Data\IncludeList</Filter>
    </ClInclude>
    <ClInclude Include="source_code\Data\IncludeList\vector.hpp">
      <Filter>Data\IncludeList</Filter>
    </ClInclude>
    <ClInclude Include="source_code\Data\Kind\texture_kind.hpp">
      <Filter>Data\Kind</Filter>
    </ClInclude>
    <ClInclude Include="source_code\Shape\2DShape\circumference.hpp">
      <Filter>Shape\2DShape</Filter>
    </ClInclude>
    <ClInclude Include="source_code\Data\box_data.hpp">
      <Filter>Data</Filter>
    </ClInclude>
    <ClInclude Include="source_code\Data\Kind\box_kind.hpp">
      <Filter>Data\Kind</Filter>
    </ClInclude>
    <ClInclude Include="source_code\Manager\collision_manager.hpp">
      <Filter>Manager</Filter>
    </ClInclude>
    <ClInclude Include="source_code\Data\Kind\sort_kind.hpp">
      <Filter>Data\Kind</Filter>
    </ClInclude>
    <ClInclude Include="source_code\Calculation\collision_calculator.hpp">
      <Filter>Calculation</Filter>
    </ClInclude>
    <ClInclude Include="source_code\Calculation\math.hpp">
      <Filter>Calculation</Filter>
    </ClInclude>
    <ClInclude Include="source_code\Calculation\quaternion.hpp">
      <Filter>Calculation</Filter>
    </ClInclude>
    <ClInclude Include="source_code\Calculation\vector_2d.hpp">
      <Filter>Calculation</Filter>
    </ClInclude>
    <ClInclude Include="source_code\Calculation\vector_3d.hpp">
      <Filter>Calculation</Filter>
    </ClInclude>
    <ClInclude Include="source_code\Data\collide_obj_pair_data.hpp">
      <Filter>Data</Filter>
    </ClInclude>
    <ClInclude Include="source_code\Data\Kind\trigger_kind.hpp">
      <Filter>Data\Kind</Filter>
    </ClInclude>
    <ClInclude Include="source_code\Data\Kind\mass_kind.hpp">
      <Filter>Data\Kind</Filter>
    </ClInclude>
    <ClInclude Include="source_code\Data\camera_data.hpp">
      <Filter>Data</Filter>
    </ClInclude>
    <ClInclude Include="source_code\Data\Kind\pad_kind.hpp">
      <Filter>Data\Kind</Filter>
    </ClInclude>
    <ClInclude Include="source_code\Data\Kind\mouse_kind.hpp">
      <Filter>Data\Kind</Filter>
    </ClInclude>
    <ClInclude Include="source_code\Data\Kind\device_kind.hpp">
      <Filter>Data\Kind</Filter>
    </ClInclude>
    <ClInclude Include="source_code\Data\IncludeList\input.hpp">
      <Filter>Data\IncludeList</Filter>
    </ClInclude>
    <ClInclude Include="source_code\Part\animator.hpp">
      <Filter>Part</Filter>
    </ClInclude>
    <ClInclude Include="source_code\Part\modeler (2).hpp">
      <Filter>Part</Filter>
    </ClInclude>
    <ClInclude Include="source_code\Part\modeler.hpp">
      <Filter>Part</Filter>
    </ClInclude>
    <ClInclude Include="source_code\Part\transform.hpp">
      <Filter>Part</Filter>
    </ClInclude>
    <ClInclude Include="source_code\Data\Kind\coordinate_kind.hpp">
      <Filter>Data\Kind</Filter>
    </ClInclude>
    <ClInclude Include="source_code\Data\Kind\axis_kind.hpp">
      <Filter>Data\Kind</Filter>
    </ClInclude>
    <ClInclude Include="source_code\Calculation\axes.hpp">
      <Filter>Calculation</Filter>
    </ClInclude>
    <ClInclude Include="source_code\Calculation\matrix.hpp">
      <Filter>Calculation</Filter>
    </ClInclude>
    <ClInclude Include="source_code\Base\chara_base.hpp">
      <Filter>Base</Filter>
    </ClInclude>
    <ClInclude Include="source_code\Interface\i_chara.hpp">
      <Filter>Interface</Filter>
    </ClInclude>
    <ClInclude Include="source_code\Base\physical_obj_base.hpp">
      <Filter>Base</Filter>
    </ClInclude>
    <ClInclude Include="source_code\Manager\physics_manager.hpp">
      <Filter>Manager</Filter>
    </ClInclude>
    <ClInclude Include="source_code\Base\command_base.hpp">
      <Filter>Base</Filter>
    </ClInclude>
    <ClInclude Include="source_code\Manager\command_handler.hpp">
      <Filter>Manager</Filter>
    </ClInclude>
    <ClInclude Include="source_code\Data\Kind\command_kind.hpp">
      <Filter>Data\Kind</Filter>
    </ClInclude>
    <ClInclude Include="source_code\Command\select_command.hpp">
      <Filter>Command</Filter>
    </ClInclude>
    <ClInclude Include="source_code\Command\camera_command.hpp">
      <Filter>Command</Filter>
    </ClInclude>
    <ClInclude Include="source_code\Command\player_command.hpp">
      <Filter>Command</Filter>
    </ClInclude>
    <ClInclude Include="source_code\Object\selector.hpp">
      <Filter>Object</Filter>
    </ClInclude>
    <ClInclude Include="source_code\Calculation\common_operator.hpp">
      <Filter>Calculation</Filter>
    </ClInclude>
    <ClInclude Include="source_code\Base\gun_base.hpp">
      <Filter>Base</Filter>
    </ClInclude>
    <ClInclude Include="source_code\Base\weapon_base.hpp">
      <Filter>Base</Filter>
    </ClInclude>
    <ClInclude Include="source_code\Object\assault_rifle.hpp">
      <Filter>Object</Filter>
    </ClInclude>
    <ClInclude Include="source_code\Data\Kind\knife_kind.hpp">
      <Filter>Data\Kind</Filter>
    </ClInclude>
    <ClInclude Include="source_code\Data\Kind\gun_kind.hpp">
      <Filter>Data\Kind</Filter>
    </ClInclude>
    <ClInclude Include="source_code\Manager\weapon_manager.hpp">
      <Filter>Manager</Filter>
    </ClInclude>
    <ClInclude Include="source_code\Data\Path\bone_path.hpp">
      <Filter>Data\Path</Filter>
    </ClInclude>
  </ItemGroup>
  <ItemGroup>
    <Filter Include="Object">
      <UniqueIdentifier>{12318b27-d5b3-41f7-b2c0-6e3e27ab8d35}</UniqueIdentifier>
    </Filter>
    <Filter Include="Manager">
      <UniqueIdentifier>{69894637-334e-46d6-be72-079330c80427}</UniqueIdentifier>
    </Filter>
    <Filter Include="Data">
      <UniqueIdentifier>{5a2c6f1c-a568-4987-8934-7f3f80ed2bd5}</UniqueIdentifier>
    </Filter>
    <Filter Include="Data\Name">
      <UniqueIdentifier>{c3148a31-6123-4086-b761-3edd4fe5f420}</UniqueIdentifier>
    </Filter>
    <Filter Include="Base">
      <UniqueIdentifier>{56ace882-0c19-4d74-887a-e7b8e785f829}</UniqueIdentifier>
    </Filter>
    <Filter Include="Concept">
      <UniqueIdentifier>{a9c774d0-5df2-4b66-8aa2-945d950db781}</UniqueIdentifier>
    </Filter>
    <Filter Include="Data\Json">
      <UniqueIdentifier>{3eab40b7-60e6-487a-879b-9b1e3022aeb9}</UniqueIdentifier>
    </Filter>
    <Filter Include="Data\CSV">
      <UniqueIdentifier>{aa18a683-8198-4225-be40-2831c615d11f}</UniqueIdentifier>
    </Filter>
    <Filter Include="Data\Path">
      <UniqueIdentifier>{ce592a38-5a0e-4681-97e6-ec115ff7e61a}</UniqueIdentifier>
    </Filter>
    <Filter Include="Data\Kind">
      <UniqueIdentifier>{72135338-3c4c-44c1-a81b-ef11a7ace830}</UniqueIdentifier>
    </Filter>
    <Filter Include="Command">
      <UniqueIdentifier>{c15fa1e6-f8eb-4c6f-91c6-2afeff442fe5}</UniqueIdentifier>
    </Filter>
    <Filter Include="Data\Tag">
      <UniqueIdentifier>{cd4f92e3-b298-4e4a-9752-61379ba99845}</UniqueIdentifier>
    </Filter>
    <Filter Include="Interface">
      <UniqueIdentifier>{36d9f591-dd1d-4425-a4b4-d2afb84d29d1}</UniqueIdentifier>
    </Filter>
    <Filter Include="Scene">
      <UniqueIdentifier>{47238515-00d6-486e-bcf4-f6f55f21cce5}</UniqueIdentifier>
    </Filter>
    <Filter Include="Shape">
      <UniqueIdentifier>{2694cdd7-3230-4767-9c43-c6a55e47da5a}</UniqueIdentifier>
    </Filter>
    <Filter Include="Shape\1DShape">
      <UniqueIdentifier>{56bc29da-2db5-4b2a-8e94-09d5fffb4bd1}</UniqueIdentifier>
    </Filter>
    <Filter Include="Shape\2DShape">
      <UniqueIdentifier>{4b13d9b8-f21f-434a-aa12-561611daf8ca}</UniqueIdentifier>
    </Filter>
    <Filter Include="Shape\3DShape">
      <UniqueIdentifier>{ac75a37e-b63a-4367-aa7b-75ba0c9cc8f7}</UniqueIdentifier>
    </Filter>
    <Filter Include="Data\IncludeList">
      <UniqueIdentifier>{a9b5adeb-15db-4ac4-822d-1b42782f9731}</UniqueIdentifier>
    </Filter>
    <Filter Include="Calculation">
      <UniqueIdentifier>{3983031e-056b-4d1a-a00f-c1acc90bf560}</UniqueIdentifier>
    </Filter>
    <Filter Include="Window">
      <UniqueIdentifier>{209348fb-11d3-4b60-abc5-489ba6ddecc4}</UniqueIdentifier>
    </Filter>
    <Filter Include="Data\FPS">
      <UniqueIdentifier>{2e55dbb6-3445-4bc3-9190-942193ab83a5}</UniqueIdentifier>
    </Filter>
    <Filter Include="Part">
      <UniqueIdentifier>{c6964f06-9b8c-446a-8f44-3299598a3b7f}</UniqueIdentifier>
    </Filter>
  </ItemGroup>
</Project>